Microsoft Visual Studio Solution File, Format Version 12.00
# Visual Studio Version 16
VisualStudioVersion = 16.0.28803.202
MinimumVisualStudioVersion = 10.0.40219.1
Project("{8BC9CEB8-8B4A-11D0-8D11-00A0C91BC942}") = "eduke32", "eduke32.vcxproj", "{8E7A6179-0B72-4073-8A4C-E8682D481DAE}"
	ProjectSection(ProjectDependencies) = postProject
		{0029C61B-B63D-4E61-99F2-F4E49AABFC47} = {0029C61B-B63D-4E61-99F2-F4E49AABFC47}
		{1150264B-19C6-4C32-A204-CB79E96D5492} = {1150264B-19C6-4C32-A204-CB79E96D5492}
		{DBECB851-5624-4FA8-9A9D-7169D0F12FF1} = {DBECB851-5624-4FA8-9A9D-7169D0F12FF1}
		{BCDE1852-E2C6-4ABB-84FB-5CD431764A9A} = {BCDE1852-E2C6-4ABB-84FB-5CD431764A9A}
		{32D4CF70-A3D6-4CEA-81D7-64C743980276} = {32D4CF70-A3D6-4CEA-81D7-64C743980276}
		{6AC1D997-8DAE-4343-8DD8-DA2A1CA63212} = {6AC1D997-8DAE-4343-8DD8-DA2A1CA63212}
	EndProjectSection
EndProject
Project("{2150E333-8FDC-42A3-9474-1A3956D46DE8}") = "Game", "Game", "{18C3CB5F-1DE6-4CFE-B7F7-ABE824222E1C}"
EndProject
Project("{2150E333-8FDC-42A3-9474-1A3956D46DE8}") = "Engine", "Engine", "{8BD117A0-7FA2-44B0-88A5-29D6C220601E}"
EndProject
Project("{8BC9CEB8-8B4A-11D0-8D11-00A0C91BC942}") = "build", "build.vcxproj", "{DBECB851-5624-4FA8-9A9D-7169D0F12FF1}"
	ProjectSection(ProjectDependencies) = postProject
		{1150264B-19C6-4C32-A204-CB79E96D5492} = {1150264B-19C6-4C32-A204-CB79E96D5492}
		{6AC1D997-8DAE-4343-8DD8-DA2A1CA63212} = {6AC1D997-8DAE-4343-8DD8-DA2A1CA63212}
		{C782E1F1-AACE-4C00-AFAF-3448DAC597C5} = {C782E1F1-AACE-4C00-AFAF-3448DAC597C5}
	EndProjectSection
EndProject
Project("{8BC9CEB8-8B4A-11D0-8D11-00A0C91BC942}") = "mapster32", "mapster32.vcxproj", "{EC8A030F-08E9-45F6-896B-95BEC9E9FC61}"
	ProjectSection(ProjectDependencies) = postProject
		{0029C61B-B63D-4E61-99F2-F4E49AABFC47} = {0029C61B-B63D-4E61-99F2-F4E49AABFC47}
		{1150264B-19C6-4C32-A204-CB79E96D5492} = {1150264B-19C6-4C32-A204-CB79E96D5492}
		{DBECB851-5624-4FA8-9A9D-7169D0F12FF1} = {DBECB851-5624-4FA8-9A9D-7169D0F12FF1}
		{32D4CF70-A3D6-4CEA-81D7-64C743980276} = {32D4CF70-A3D6-4CEA-81D7-64C743980276}
		{6AC1D997-8DAE-4343-8DD8-DA2A1CA63212} = {6AC1D997-8DAE-4343-8DD8-DA2A1CA63212}
		{C782E1F1-AACE-4C00-AFAF-3448DAC597C5} = {C782E1F1-AACE-4C00-AFAF-3448DAC597C5}
	EndProjectSection
EndProject
Project("{8BC9CEB8-8B4A-11D0-8D11-00A0C91BC942}") = "audiolib", "audiolib.vcxproj", "{0029C61B-B63D-4E61-99F2-F4E49AABFC47}"
	ProjectSection(ProjectDependencies) = postProject
		{32D4CF70-A3D6-4CEA-81D7-64C743980276} = {32D4CF70-A3D6-4CEA-81D7-64C743980276}
	EndProjectSection
EndProject
Project("{8BC9CEB8-8B4A-11D0-8D11-00A0C91BC942}") = "mact", "mact.vcxproj", "{BCDE1852-E2C6-4ABB-84FB-5CD431764A9A}"
EndProject
Project("{8BC9CEB8-8B4A-11D0-8D11-00A0C91BC942}") = "libxmp-lite", "libxmp-lite.vcxproj", "{32D4CF70-A3D6-4CEA-81D7-64C743980276}"
EndProject
Project("{8BC9CEB8-8B4A-11D0-8D11-00A0C91BC942}") = "glad", "glad.vcxproj", "{6AC1D997-8DAE-4343-8DD8-DA2A1CA63212}"
EndProject
Project("{8BC9CEB8-8B4A-11D0-8D11-00A0C91BC942}") = "libsmackerdec", "libsmackerdec.vcxproj", "{598F0D83-2C1B-4F7C-B04D-7FDD471C8C45}"
EndProject
Project("{8BC9CEB8-8B4A-11D0-8D11-00A0C91BC942}") = "hmpplay", "hmpplay.vcxproj", "{ACB5467D-9913-4A23-88C8-56A36DFA2DB4}"
EndProject
Project("{8BC9CEB8-8B4A-11D0-8D11-00A0C91BC942}") = "voidsw", "voidsw.vcxproj", "{B50E2B28-C3E0-453F-B652-657E7D957E51}"
	ProjectSection(ProjectDependencies) = postProject
		{1150264B-19C6-4C32-A204-CB79E96D5492} = {1150264B-19C6-4C32-A204-CB79E96D5492}
	EndProjectSection
EndProject
Project("{8BC9CEB8-8B4A-11D0-8D11-00A0C91BC942}") = "kenbuild", "kenbuild.vcxproj", "{7FEE789D-693C-4912-B989-A91371FC9C49}"
	ProjectSection(ProjectDependencies) = postProject
		{0029C61B-B63D-4E61-99F2-F4E49AABFC47} = {0029C61B-B63D-4E61-99F2-F4E49AABFC47}
		{1150264B-19C6-4C32-A204-CB79E96D5492} = {1150264B-19C6-4C32-A204-CB79E96D5492}
		{DBECB851-5624-4FA8-9A9D-7169D0F12FF1} = {DBECB851-5624-4FA8-9A9D-7169D0F12FF1}
		{32D4CF70-A3D6-4CEA-81D7-64C743980276} = {32D4CF70-A3D6-4CEA-81D7-64C743980276}
		{6AC1D997-8DAE-4343-8DD8-DA2A1CA63212} = {6AC1D997-8DAE-4343-8DD8-DA2A1CA63212}
	EndProjectSection
EndProject
Project("{8BC9CEB8-8B4A-11D0-8D11-00A0C91BC942}") = "voidwrap", "voidwrap.vcxproj", "{01230AD2-3746-418F-84D8-189E7CBC16C9}"
EndProject
Project("{8BC9CEB8-8B4A-11D0-8D11-00A0C91BC942}") = "mimalloc", "mimalloc.vcxproj", "{1150264B-19C6-4C32-A204-CB79E96D5492}"
EndProject
Project("{8BC9CEB8-8B4A-11D0-8D11-00A0C91BC942}") = "imgui", "imgui.vcxproj", "{C782E1F1-AACE-4C00-AFAF-3448DAC597C5}"
	ProjectSection(ProjectDependencies) = postProject
		{6AC1D997-8DAE-4343-8DD8-DA2A1CA63212} = {6AC1D997-8DAE-4343-8DD8-DA2A1CA63212}
	EndProjectSection
EndProject
Project("{8BC9CEB8-8B4A-11D0-8D11-00A0C91BC942}") = "nblood", "nblood.vcxproj", "{5407CB5A-4B15-41FA-B79B-8B386A14D275}"
	ProjectSection(ProjectDependencies) = postProject
		{0029C61B-B63D-4E61-99F2-F4E49AABFC47} = {0029C61B-B63D-4E61-99F2-F4E49AABFC47}
		{1150264B-19C6-4C32-A204-CB79E96D5492} = {1150264B-19C6-4C32-A204-CB79E96D5492}
		{DBECB851-5624-4FA8-9A9D-7169D0F12FF1} = {DBECB851-5624-4FA8-9A9D-7169D0F12FF1}
		{BCDE1852-E2C6-4ABB-84FB-5CD431764A9A} = {BCDE1852-E2C6-4ABB-84FB-5CD431764A9A}
		{32D4CF70-A3D6-4CEA-81D7-64C743980276} = {32D4CF70-A3D6-4CEA-81D7-64C743980276}
		{598F0D83-2C1B-4F7C-B04D-7FDD471C8C45} = {598F0D83-2C1B-4F7C-B04D-7FDD471C8C45}
		{6AC1D997-8DAE-4343-8DD8-DA2A1CA63212} = {6AC1D997-8DAE-4343-8DD8-DA2A1CA63212}
	EndProjectSection
EndProject
Project("{8BC9CEB8-8B4A-11D0-8D11-00A0C91BC942}") = "nmapedit", "nmapedit.vcxproj", "{C17093D8-4897-4F86-B688-DA8009EE75D6}"
	ProjectSection(ProjectDependencies) = postProject
		{0029C61B-B63D-4E61-99F2-F4E49AABFC47} = {0029C61B-B63D-4E61-99F2-F4E49AABFC47}
		{1150264B-19C6-4C32-A204-CB79E96D5492} = {1150264B-19C6-4C32-A204-CB79E96D5492}
		{DBECB851-5624-4FA8-9A9D-7169D0F12FF1} = {DBECB851-5624-4FA8-9A9D-7169D0F12FF1}
		{32D4CF70-A3D6-4CEA-81D7-64C743980276} = {32D4CF70-A3D6-4CEA-81D7-64C743980276}
		{6AC1D997-8DAE-4343-8DD8-DA2A1CA63212} = {6AC1D997-8DAE-4343-8DD8-DA2A1CA63212}
	EndProjectSection
EndProject
Project("{8BC9CEB8-8B4A-11D0-8D11-00A0C91BC942}") = "rednukem", "rednukem.vcxproj", "{108A8AF0-327A-4565-86A3-D27F7C36D2CA}"
	ProjectSection(ProjectDependencies) = postProject
		{0029C61B-B63D-4E61-99F2-F4E49AABFC47} = {0029C61B-B63D-4E61-99F2-F4E49AABFC47}
		{1150264B-19C6-4C32-A204-CB79E96D5492} = {1150264B-19C6-4C32-A204-CB79E96D5492}
		{DBECB851-5624-4FA8-9A9D-7169D0F12FF1} = {DBECB851-5624-4FA8-9A9D-7169D0F12FF1}
		{32D4CF70-A3D6-4CEA-81D7-64C743980276} = {32D4CF70-A3D6-4CEA-81D7-64C743980276}
		{6AC1D997-8DAE-4343-8DD8-DA2A1CA63212} = {6AC1D997-8DAE-4343-8DD8-DA2A1CA63212}
	EndProjectSection
EndProject
Project("{8BC9CEB8-8B4A-11D0-8D11-00A0C91BC942}") = "pcexhumed", "pcexhumed.vcxproj", "{7600A41F-AAB8-4D82-BA42-91B511FFB53A}"
	ProjectSection(ProjectDependencies) = postProject
		{0029C61B-B63D-4E61-99F2-F4E49AABFC47} = {0029C61B-B63D-4E61-99F2-F4E49AABFC47}
		{1150264B-19C6-4C32-A204-CB79E96D5492} = {1150264B-19C6-4C32-A204-CB79E96D5492}
		{DBECB851-5624-4FA8-9A9D-7169D0F12FF1} = {DBECB851-5624-4FA8-9A9D-7169D0F12FF1}
		{BCDE1852-E2C6-4ABB-84FB-5CD431764A9A} = {BCDE1852-E2C6-4ABB-84FB-5CD431764A9A}
		{32D4CF70-A3D6-4CEA-81D7-64C743980276} = {32D4CF70-A3D6-4CEA-81D7-64C743980276}
		{6AC1D997-8DAE-4343-8DD8-DA2A1CA63212} = {6AC1D997-8DAE-4343-8DD8-DA2A1CA63212}
	EndProjectSection
EndProject
Project("{8BC9CEB8-8B4A-11D0-8D11-00A0C91BC942}") = "ewitchaven", "ewitchaven.vcxproj", "{4DFF3799-5B57-4CE7-B34C-F4FB1DA06844}"
	ProjectSection(ProjectDependencies) = postProject
		{0029C61B-B63D-4E61-99F2-F4E49AABFC47} = {0029C61B-B63D-4E61-99F2-F4E49AABFC47}
		{1150264B-19C6-4C32-A204-CB79E96D5492} = {1150264B-19C6-4C32-A204-CB79E96D5492}
		{DBECB851-5624-4FA8-9A9D-7169D0F12FF1} = {DBECB851-5624-4FA8-9A9D-7169D0F12FF1}
		{BCDE1852-E2C6-4ABB-84FB-5CD431764A9A} = {BCDE1852-E2C6-4ABB-84FB-5CD431764A9A}
		{32D4CF70-A3D6-4CEA-81D7-64C743980276} = {32D4CF70-A3D6-4CEA-81D7-64C743980276}
		{ACB5467D-9913-4A23-88C8-56A36DFA2DB4} = {ACB5467D-9913-4A23-88C8-56A36DFA2DB4}
		{6AC1D997-8DAE-4343-8DD8-DA2A1CA63212} = {6AC1D997-8DAE-4343-8DD8-DA2A1CA63212}
	EndProjectSection
EndProject
Project("{8BC9CEB8-8B4A-11D0-8D11-00A0C91BC942}") = "etekwar", "etekwar.vcxproj", "{20883F4B-FD36-4975-9472-F1B51BAC0F4B}"
	ProjectSection(ProjectDependencies) = postProject
		{0029C61B-B63D-4E61-99F2-F4E49AABFC47} = {0029C61B-B63D-4E61-99F2-F4E49AABFC47}
		{1150264B-19C6-4C32-A204-CB79E96D5492} = {1150264B-19C6-4C32-A204-CB79E96D5492}
		{DBECB851-5624-4FA8-9A9D-7169D0F12FF1} = {DBECB851-5624-4FA8-9A9D-7169D0F12FF1}
		{BCDE1852-E2C6-4ABB-84FB-5CD431764A9A} = {BCDE1852-E2C6-4ABB-84FB-5CD431764A9A}
		{32D4CF70-A3D6-4CEA-81D7-64C743980276} = {32D4CF70-A3D6-4CEA-81D7-64C743980276}
		{ACB5467D-9913-4A23-88C8-56A36DFA2DB4} = {ACB5467D-9913-4A23-88C8-56A36DFA2DB4}
		{598F0D83-2C1B-4F7C-B04D-7FDD471C8C45} = {598F0D83-2C1B-4F7C-B04D-7FDD471C8C45}
		{6AC1D997-8DAE-4343-8DD8-DA2A1CA63212} = {6AC1D997-8DAE-4343-8DD8-DA2A1CA63212}
	EndProjectSection
EndProject
Global
	GlobalSection(SolutionConfigurationPlatforms) = preSolution
		Debug|ARM64 = Debug|ARM64
		Debug|Win32 = Debug|Win32
		Debug|x64 = Debug|x64
		Release|ARM64 = Release|ARM64
		Release|Win32 = Release|Win32
		Release|x64 = Release|x64
	EndGlobalSection
	GlobalSection(ProjectConfigurationPlatforms) = postSolution
		{8E7A6179-0B72-4073-8A4C-E8682D481DAE}.Debug|ARM64.ActiveCfg = Debug|ARM64
		{8E7A6179-0B72-4073-8A4C-E8682D481DAE}.Debug|ARM64.Build.0 = Debug|ARM64
		{8E7A6179-0B72-4073-8A4C-E8682D481DAE}.Debug|Win32.ActiveCfg = Debug|Win32
		{8E7A6179-0B72-4073-8A4C-E8682D481DAE}.Debug|Win32.Build.0 = Debug|Win32
		{8E7A6179-0B72-4073-8A4C-E8682D481DAE}.Debug|x64.ActiveCfg = Debug|x64
		{8E7A6179-0B72-4073-8A4C-E8682D481DAE}.Debug|x64.Build.0 = Debug|x64
		{8E7A6179-0B72-4073-8A4C-E8682D481DAE}.Release|ARM64.ActiveCfg = Release|ARM64
		{8E7A6179-0B72-4073-8A4C-E8682D481DAE}.Release|ARM64.Build.0 = Release|ARM64
		{8E7A6179-0B72-4073-8A4C-E8682D481DAE}.Release|Win32.ActiveCfg = Release|Win32
		{8E7A6179-0B72-4073-8A4C-E8682D481DAE}.Release|Win32.Build.0 = Release|Win32
		{8E7A6179-0B72-4073-8A4C-E8682D481DAE}.Release|x64.ActiveCfg = Release|x64
		{8E7A6179-0B72-4073-8A4C-E8682D481DAE}.Release|x64.Build.0 = Release|x64
		{DBECB851-5624-4FA8-9A9D-7169D0F12FF1}.Debug|ARM64.ActiveCfg = Debug|ARM64
		{DBECB851-5624-4FA8-9A9D-7169D0F12FF1}.Debug|ARM64.Build.0 = Debug|ARM64
		{DBECB851-5624-4FA8-9A9D-7169D0F12FF1}.Debug|Win32.ActiveCfg = Debug|Win32
		{DBECB851-5624-4FA8-9A9D-7169D0F12FF1}.Debug|Win32.Build.0 = Debug|Win32
		{DBECB851-5624-4FA8-9A9D-7169D0F12FF1}.Debug|x64.ActiveCfg = Debug|x64
		{DBECB851-5624-4FA8-9A9D-7169D0F12FF1}.Debug|x64.Build.0 = Debug|x64
		{DBECB851-5624-4FA8-9A9D-7169D0F12FF1}.Release|ARM64.ActiveCfg = Release|ARM64
		{DBECB851-5624-4FA8-9A9D-7169D0F12FF1}.Release|ARM64.Build.0 = Release|ARM64
		{DBECB851-5624-4FA8-9A9D-7169D0F12FF1}.Release|Win32.ActiveCfg = Release|Win32
		{DBECB851-5624-4FA8-9A9D-7169D0F12FF1}.Release|Win32.Build.0 = Release|Win32
		{DBECB851-5624-4FA8-9A9D-7169D0F12FF1}.Release|x64.ActiveCfg = Release|x64
		{DBECB851-5624-4FA8-9A9D-7169D0F12FF1}.Release|x64.Build.0 = Release|x64
		{EC8A030F-08E9-45F6-896B-95BEC9E9FC61}.Debug|ARM64.ActiveCfg = Debug|ARM64
		{EC8A030F-08E9-45F6-896B-95BEC9E9FC61}.Debug|ARM64.Build.0 = Debug|ARM64
		{EC8A030F-08E9-45F6-896B-95BEC9E9FC61}.Debug|Win32.ActiveCfg = Debug|Win32
		{EC8A030F-08E9-45F6-896B-95BEC9E9FC61}.Debug|Win32.Build.0 = Debug|Win32
		{EC8A030F-08E9-45F6-896B-95BEC9E9FC61}.Debug|x64.ActiveCfg = Debug|x64
		{EC8A030F-08E9-45F6-896B-95BEC9E9FC61}.Debug|x64.Build.0 = Debug|x64
		{EC8A030F-08E9-45F6-896B-95BEC9E9FC61}.Release|ARM64.ActiveCfg = Release|ARM64
		{EC8A030F-08E9-45F6-896B-95BEC9E9FC61}.Release|ARM64.Build.0 = Release|ARM64
		{EC8A030F-08E9-45F6-896B-95BEC9E9FC61}.Release|Win32.ActiveCfg = Release|Win32
		{EC8A030F-08E9-45F6-896B-95BEC9E9FC61}.Release|Win32.Build.0 = Release|Win32
		{EC8A030F-08E9-45F6-896B-95BEC9E9FC61}.Release|x64.ActiveCfg = Release|x64
		{EC8A030F-08E9-45F6-896B-95BEC9E9FC61}.Release|x64.Build.0 = Release|x64
		{0029C61B-B63D-4E61-99F2-F4E49AABFC47}.Debug|ARM64.ActiveCfg = Debug|ARM64
		{0029C61B-B63D-4E61-99F2-F4E49AABFC47}.Debug|ARM64.Build.0 = Debug|ARM64
		{0029C61B-B63D-4E61-99F2-F4E49AABFC47}.Debug|Win32.ActiveCfg = Debug|Win32
		{0029C61B-B63D-4E61-99F2-F4E49AABFC47}.Debug|Win32.Build.0 = Debug|Win32
		{0029C61B-B63D-4E61-99F2-F4E49AABFC47}.Debug|x64.ActiveCfg = Debug|x64
		{0029C61B-B63D-4E61-99F2-F4E49AABFC47}.Debug|x64.Build.0 = Debug|x64
		{0029C61B-B63D-4E61-99F2-F4E49AABFC47}.Release|ARM64.ActiveCfg = Release|ARM64
		{0029C61B-B63D-4E61-99F2-F4E49AABFC47}.Release|ARM64.Build.0 = Release|ARM64
		{0029C61B-B63D-4E61-99F2-F4E49AABFC47}.Release|Win32.ActiveCfg = Release|Win32
		{0029C61B-B63D-4E61-99F2-F4E49AABFC47}.Release|Win32.Build.0 = Release|Win32
		{0029C61B-B63D-4E61-99F2-F4E49AABFC47}.Release|x64.ActiveCfg = Release|x64
		{0029C61B-B63D-4E61-99F2-F4E49AABFC47}.Release|x64.Build.0 = Release|x64
		{BCDE1852-E2C6-4ABB-84FB-5CD431764A9A}.Debug|ARM64.ActiveCfg = Debug|ARM64
		{BCDE1852-E2C6-4ABB-84FB-5CD431764A9A}.Debug|ARM64.Build.0 = Debug|ARM64
		{BCDE1852-E2C6-4ABB-84FB-5CD431764A9A}.Debug|Win32.ActiveCfg = Debug|Win32
		{BCDE1852-E2C6-4ABB-84FB-5CD431764A9A}.Debug|Win32.Build.0 = Debug|Win32
		{BCDE1852-E2C6-4ABB-84FB-5CD431764A9A}.Debug|x64.ActiveCfg = Debug|x64
		{BCDE1852-E2C6-4ABB-84FB-5CD431764A9A}.Debug|x64.Build.0 = Debug|x64
		{BCDE1852-E2C6-4ABB-84FB-5CD431764A9A}.Release|ARM64.ActiveCfg = Release|ARM64
		{BCDE1852-E2C6-4ABB-84FB-5CD431764A9A}.Release|ARM64.Build.0 = Release|ARM64
		{BCDE1852-E2C6-4ABB-84FB-5CD431764A9A}.Release|Win32.ActiveCfg = Release|Win32
		{BCDE1852-E2C6-4ABB-84FB-5CD431764A9A}.Release|Win32.Build.0 = Release|Win32
		{BCDE1852-E2C6-4ABB-84FB-5CD431764A9A}.Release|x64.ActiveCfg = Release|x64
		{BCDE1852-E2C6-4ABB-84FB-5CD431764A9A}.Release|x64.Build.0 = Release|x64
		{32D4CF70-A3D6-4CEA-81D7-64C743980276}.Debug|ARM64.ActiveCfg = Debug|ARM64
		{32D4CF70-A3D6-4CEA-81D7-64C743980276}.Debug|ARM64.Build.0 = Debug|ARM64
		{32D4CF70-A3D6-4CEA-81D7-64C743980276}.Debug|Win32.ActiveCfg = Debug|Win32
		{32D4CF70-A3D6-4CEA-81D7-64C743980276}.Debug|Win32.Build.0 = Debug|Win32
		{32D4CF70-A3D6-4CEA-81D7-64C743980276}.Debug|x64.ActiveCfg = Debug|x64
		{32D4CF70-A3D6-4CEA-81D7-64C743980276}.Debug|x64.Build.0 = Debug|x64
		{32D4CF70-A3D6-4CEA-81D7-64C743980276}.Release|ARM64.ActiveCfg = Release|ARM64
		{32D4CF70-A3D6-4CEA-81D7-64C743980276}.Release|ARM64.Build.0 = Release|ARM64
		{32D4CF70-A3D6-4CEA-81D7-64C743980276}.Release|Win32.ActiveCfg = Release|Win32
		{32D4CF70-A3D6-4CEA-81D7-64C743980276}.Release|Win32.Build.0 = Release|Win32
		{32D4CF70-A3D6-4CEA-81D7-64C743980276}.Release|x64.ActiveCfg = Release|x64
		{32D4CF70-A3D6-4CEA-81D7-64C743980276}.Release|x64.Build.0 = Release|x64
		{6AC1D997-8DAE-4343-8DD8-DA2A1CA63212}.Debug|ARM64.ActiveCfg = Debug|ARM64
		{6AC1D997-8DAE-4343-8DD8-DA2A1CA63212}.Debug|ARM64.Build.0 = Debug|ARM64
		{6AC1D997-8DAE-4343-8DD8-DA2A1CA63212}.Debug|Win32.ActiveCfg = Debug|Win32
		{6AC1D997-8DAE-4343-8DD8-DA2A1CA63212}.Debug|Win32.Build.0 = Debug|Win32
		{6AC1D997-8DAE-4343-8DD8-DA2A1CA63212}.Debug|x64.ActiveCfg = Debug|x64
		{6AC1D997-8DAE-4343-8DD8-DA2A1CA63212}.Debug|x64.Build.0 = Debug|x64
		{6AC1D997-8DAE-4343-8DD8-DA2A1CA63212}.Release|ARM64.ActiveCfg = Release|ARM64
		{6AC1D997-8DAE-4343-8DD8-DA2A1CA63212}.Release|ARM64.Build.0 = Release|ARM64
		{6AC1D997-8DAE-4343-8DD8-DA2A1CA63212}.Release|Win32.ActiveCfg = Release|Win32
		{6AC1D997-8DAE-4343-8DD8-DA2A1CA63212}.Release|Win32.Build.0 = Release|Win32
		{6AC1D997-8DAE-4343-8DD8-DA2A1CA63212}.Release|x64.ActiveCfg = Release|x64
		{6AC1D997-8DAE-4343-8DD8-DA2A1CA63212}.Release|x64.Build.0 = Release|x64
		{598F0D83-2C1B-4F7C-B04D-7FDD471C8C45}.Debug|ARM64.ActiveCfg = Debug|Win32
		{598F0D83-2C1B-4F7C-B04D-7FDD471C8C45}.Debug|Win32.ActiveCfg = Debug|Win32
		{598F0D83-2C1B-4F7C-B04D-7FDD471C8C45}.Debug|Win32.Build.0 = Debug|Win32
		{598F0D83-2C1B-4F7C-B04D-7FDD471C8C45}.Debug|x64.ActiveCfg = Debug|x64
		{598F0D83-2C1B-4F7C-B04D-7FDD471C8C45}.Debug|x64.Build.0 = Debug|x64
		{598F0D83-2C1B-4F7C-B04D-7FDD471C8C45}.Release|ARM64.ActiveCfg = Release|Win32
		{598F0D83-2C1B-4F7C-B04D-7FDD471C8C45}.Release|Win32.ActiveCfg = Release|Win32
		{598F0D83-2C1B-4F7C-B04D-7FDD471C8C45}.Release|Win32.Build.0 = Release|Win32
		{598F0D83-2C1B-4F7C-B04D-7FDD471C8C45}.Release|x64.ActiveCfg = Release|x64
		{598F0D83-2C1B-4F7C-B04D-7FDD471C8C45}.Release|x64.Build.0 = Release|x64
		{ACB5467D-9913-4A23-88C8-56A36DFA2DB4}.Debug|ARM64.ActiveCfg = Debug|Win32
		{ACB5467D-9913-4A23-88C8-56A36DFA2DB4}.Debug|Win32.ActiveCfg = Debug|Win32
		{ACB5467D-9913-4A23-88C8-56A36DFA2DB4}.Debug|Win32.Build.0 = Debug|Win32
		{ACB5467D-9913-4A23-88C8-56A36DFA2DB4}.Debug|x64.ActiveCfg = Debug|x64
		{ACB5467D-9913-4A23-88C8-56A36DFA2DB4}.Debug|x64.Build.0 = Debug|x64
		{ACB5467D-9913-4A23-88C8-56A36DFA2DB4}.Release|ARM64.ActiveCfg = Release|Win32
		{ACB5467D-9913-4A23-88C8-56A36DFA2DB4}.Release|Win32.ActiveCfg = Release|Win32
		{ACB5467D-9913-4A23-88C8-56A36DFA2DB4}.Release|Win32.Build.0 = Release|Win32
		{ACB5467D-9913-4A23-88C8-56A36DFA2DB4}.Release|x64.ActiveCfg = Release|x64
		{ACB5467D-9913-4A23-88C8-56A36DFA2DB4}.Release|x64.Build.0 = Release|x64
		{B50E2B28-C3E0-453F-B652-657E7D957E51}.Debug|ARM64.ActiveCfg = Debug|ARM64
		{B50E2B28-C3E0-453F-B652-657E7D957E51}.Debug|Win32.ActiveCfg = Debug|Win32
		{B50E2B28-C3E0-453F-B652-657E7D957E51}.Debug|x64.ActiveCfg = Debug|x64
		{B50E2B28-C3E0-453F-B652-657E7D957E51}.Release|ARM64.ActiveCfg = Release|ARM64
		{B50E2B28-C3E0-453F-B652-657E7D957E51}.Release|Win32.ActiveCfg = Release|Win32
		{B50E2B28-C3E0-453F-B652-657E7D957E51}.Release|x64.ActiveCfg = Release|x64
		{7FEE789D-693C-4912-B989-A91371FC9C49}.Debug|ARM64.ActiveCfg = Debug|ARM64
		{7FEE789D-693C-4912-B989-A91371FC9C49}.Debug|Win32.ActiveCfg = Debug|Win32
		{7FEE789D-693C-4912-B989-A91371FC9C49}.Debug|x64.ActiveCfg = Debug|x64
		{7FEE789D-693C-4912-B989-A91371FC9C49}.Release|ARM64.ActiveCfg = Release|ARM64
		{7FEE789D-693C-4912-B989-A91371FC9C49}.Release|Win32.ActiveCfg = Release|Win32
		{7FEE789D-693C-4912-B989-A91371FC9C49}.Release|x64.ActiveCfg = Release|x64
		{01230AD2-3746-418F-84D8-189E7CBC16C9}.Debug|ARM64.ActiveCfg = Debug|ARM64
		{01230AD2-3746-418F-84D8-189E7CBC16C9}.Debug|Win32.ActiveCfg = Debug|Win32
		{01230AD2-3746-418F-84D8-189E7CBC16C9}.Debug|x64.ActiveCfg = Debug|x64
		{01230AD2-3746-418F-84D8-189E7CBC16C9}.Release|ARM64.ActiveCfg = Release|ARM64
		{01230AD2-3746-418F-84D8-189E7CBC16C9}.Release|Win32.ActiveCfg = Release|Win32
		{01230AD2-3746-418F-84D8-189E7CBC16C9}.Release|x64.ActiveCfg = Release|x64
		{1150264B-19C6-4C32-A204-CB79E96D5492}.Debug|ARM64.ActiveCfg = Debug|ARM64
		{1150264B-19C6-4C32-A204-CB79E96D5492}.Debug|ARM64.Build.0 = Debug|ARM64
		{1150264B-19C6-4C32-A204-CB79E96D5492}.Debug|Win32.ActiveCfg = Debug|Win32
		{1150264B-19C6-4C32-A204-CB79E96D5492}.Debug|Win32.Build.0 = Debug|Win32
		{1150264B-19C6-4C32-A204-CB79E96D5492}.Debug|x64.ActiveCfg = Debug|x64
		{1150264B-19C6-4C32-A204-CB79E96D5492}.Debug|x64.Build.0 = Debug|x64
		{1150264B-19C6-4C32-A204-CB79E96D5492}.Release|ARM64.ActiveCfg = Release|ARM64
		{1150264B-19C6-4C32-A204-CB79E96D5492}.Release|ARM64.Build.0 = Release|ARM64
		{1150264B-19C6-4C32-A204-CB79E96D5492}.Release|Win32.ActiveCfg = Release|Win32
		{1150264B-19C6-4C32-A204-CB79E96D5492}.Release|Win32.Build.0 = Release|Win32
		{1150264B-19C6-4C32-A204-CB79E96D5492}.Release|x64.ActiveCfg = Release|x64
		{1150264B-19C6-4C32-A204-CB79E96D5492}.Release|x64.Build.0 = Release|x64
		{C782E1F1-AACE-4C00-AFAF-3448DAC597C5}.Debug|ARM64.ActiveCfg = Debug|ARM64
		{C782E1F1-AACE-4C00-AFAF-3448DAC597C5}.Debug|ARM64.Build.0 = Debug|ARM64
		{C782E1F1-AACE-4C00-AFAF-3448DAC597C5}.Debug|Win32.ActiveCfg = Debug|Win32
		{C782E1F1-AACE-4C00-AFAF-3448DAC597C5}.Debug|Win32.Build.0 = Debug|Win32
		{C782E1F1-AACE-4C00-AFAF-3448DAC597C5}.Debug|x64.ActiveCfg = Debug|x64
		{C782E1F1-AACE-4C00-AFAF-3448DAC597C5}.Debug|x64.Build.0 = Debug|x64
		{C782E1F1-AACE-4C00-AFAF-3448DAC597C5}.Release|ARM64.ActiveCfg = Release|ARM64
		{C782E1F1-AACE-4C00-AFAF-3448DAC597C5}.Release|ARM64.Build.0 = Release|ARM64
		{C782E1F1-AACE-4C00-AFAF-3448DAC597C5}.Release|Win32.ActiveCfg = Release|Win32
		{C782E1F1-AACE-4C00-AFAF-3448DAC597C5}.Release|Win32.Build.0 = Release|Win32
		{C782E1F1-AACE-4C00-AFAF-3448DAC597C5}.Release|x64.ActiveCfg = Release|x64
		{C782E1F1-AACE-4C00-AFAF-3448DAC597C5}.Release|x64.Build.0 = Release|x64
		{5407CB5A-4B15-41FA-B79B-8B386A14D275}.Debug|ARM64.ActiveCfg = Debug|Win32
		{5407CB5A-4B15-41FA-B79B-8B386A14D275}.Debug|Win32.ActiveCfg = Debug|Win32
		{5407CB5A-4B15-41FA-B79B-8B386A14D275}.Debug|Win32.Build.0 = Debug|Win32
		{5407CB5A-4B15-41FA-B79B-8B386A14D275}.Debug|x64.ActiveCfg = Debug|x64
		{5407CB5A-4B15-41FA-B79B-8B386A14D275}.Debug|x64.Build.0 = Debug|x64
		{5407CB5A-4B15-41FA-B79B-8B386A14D275}.Release|ARM64.ActiveCfg = Release|Win32
		{5407CB5A-4B15-41FA-B79B-8B386A14D275}.Release|Win32.ActiveCfg = Release|Win32
		{5407CB5A-4B15-41FA-B79B-8B386A14D275}.Release|Win32.Build.0 = Release|Win32
		{5407CB5A-4B15-41FA-B79B-8B386A14D275}.Release|x64.ActiveCfg = Release|x64
		{5407CB5A-4B15-41FA-B79B-8B386A14D275}.Release|x64.Build.0 = Release|x64
		{C17093D8-4897-4F86-B688-DA8009EE75D6}.Debug|ARM64.ActiveCfg = Debug|Win32
		{C17093D8-4897-4F86-B688-DA8009EE75D6}.Debug|Win32.ActiveCfg = Debug|Win32
		{C17093D8-4897-4F86-B688-DA8009EE75D6}.Debug|x64.ActiveCfg = Debug|x64
		{C17093D8-4897-4F86-B688-DA8009EE75D6}.Release|ARM64.ActiveCfg = Release|Win32
		{C17093D8-4897-4F86-B688-DA8009EE75D6}.Release|Win32.ActiveCfg = Release|Win32
		{C17093D8-4897-4F86-B688-DA8009EE75D6}.Release|x64.ActiveCfg = Release|x64
		{108A8AF0-327A-4565-86A3-D27F7C36D2CA}.Debug|ARM64.ActiveCfg = Debug|Win32
		{108A8AF0-327A-4565-86A3-D27F7C36D2CA}.Debug|Win32.ActiveCfg = Debug|Win32
		{108A8AF0-327A-4565-86A3-D27F7C36D2CA}.Debug|Win32.Build.0 = Debug|Win32
		{108A8AF0-327A-4565-86A3-D27F7C36D2CA}.Debug|x64.ActiveCfg = Debug|x64
		{108A8AF0-327A-4565-86A3-D27F7C36D2CA}.Debug|x64.Build.0 = Debug|x64
		{108A8AF0-327A-4565-86A3-D27F7C36D2CA}.Release|ARM64.ActiveCfg = Release|Win32
		{108A8AF0-327A-4565-86A3-D27F7C36D2CA}.Release|Win32.ActiveCfg = Release|Win32
		{108A8AF0-327A-4565-86A3-D27F7C36D2CA}.Release|Win32.Build.0 = Release|Win32
		{108A8AF0-327A-4565-86A3-D27F7C36D2CA}.Release|x64.ActiveCfg = Release|x64
		{108A8AF0-327A-4565-86A3-D27F7C36D2CA}.Release|x64.Build.0 = Release|x64
		{7600A41F-AAB8-4D82-BA42-91B511FFB53A}.Debug|ARM64.ActiveCfg = Debug|Win32
		{7600A41F-AAB8-4D82-BA42-91B511FFB53A}.Debug|Win32.ActiveCfg = Debug|Win32
		{7600A41F-AAB8-4D82-BA42-91B511FFB53A}.Debug|Win32.Build.0 = Debug|Win32
		{7600A41F-AAB8-4D82-BA42-91B511FFB53A}.Debug|x64.ActiveCfg = Debug|x64
		{7600A41F-AAB8-4D82-BA42-91B511FFB53A}.Debug|x64.Build.0 = Debug|x64
		{7600A41F-AAB8-4D82-BA42-91B511FFB53A}.Release|ARM64.ActiveCfg = Release|Win32
		{7600A41F-AAB8-4D82-BA42-91B511FFB53A}.Release|Win32.ActiveCfg = Release|Win32
		{7600A41F-AAB8-4D82-BA42-91B511FFB53A}.Release|Win32.Build.0 = Release|Win32
		{7600A41F-AAB8-4D82-BA42-91B511FFB53A}.Release|x64.ActiveCfg = Release|x64
		{7600A41F-AAB8-4D82-BA42-91B511FFB53A}.Release|x64.Build.0 = Release|x64
		{4DFF3799-5B57-4CE7-B34C-F4FB1DA06844}.Debug|ARM64.ActiveCfg = Debug|Win32
		{4DFF3799-5B57-4CE7-B34C-F4FB1DA06844}.Debug|Win32.ActiveCfg = Debug|Win32
		{4DFF3799-5B57-4CE7-B34C-F4FB1DA06844}.Debug|Win32.Build.0 = Debug|Win32
		{4DFF3799-5B57-4CE7-B34C-F4FB1DA06844}.Debug|x64.ActiveCfg = Debug|x64
		{4DFF3799-5B57-4CE7-B34C-F4FB1DA06844}.Debug|x64.Build.0 = Debug|x64
		{4DFF3799-5B57-4CE7-B34C-F4FB1DA06844}.Release|ARM64.ActiveCfg = Release|Win32
		{4DFF3799-5B57-4CE7-B34C-F4FB1DA06844}.Release|Win32.ActiveCfg = Release|Win32
		{4DFF3799-5B57-4CE7-B34C-F4FB1DA06844}.Release|Win32.Build.0 = Release|Win32
		{4DFF3799-5B57-4CE7-B34C-F4FB1DA06844}.Release|x64.ActiveCfg = Release|x64
		{4DFF3799-5B57-4CE7-B34C-F4FB1DA06844}.Release|x64.Build.0 = Release|x64
		{20883F4B-FD36-4975-9472-F1B51BAC0F4B}.Debug|ARM64.ActiveCfg = Debug|Win32
		{20883F4B-FD36-4975-9472-F1B51BAC0F4B}.Debug|Win32.ActiveCfg = Debug|Win32
		{20883F4B-FD36-4975-9472-F1B51BAC0F4B}.Debug|Win32.Build.0 = Debug|Win32
		{20883F4B-FD36-4975-9472-F1B51BAC0F4B}.Debug|x64.ActiveCfg = Debug|x64
		{20883F4B-FD36-4975-9472-F1B51BAC0F4B}.Debug|x64.Build.0 = Debug|x64
		{20883F4B-FD36-4975-9472-F1B51BAC0F4B}.Release|ARM64.ActiveCfg = Release|Win32
		{20883F4B-FD36-4975-9472-F1B51BAC0F4B}.Release|Win32.ActiveCfg = Release|Win32
		{20883F4B-FD36-4975-9472-F1B51BAC0F4B}.Release|Win32.Build.0 = Release|Win32
		{20883F4B-FD36-4975-9472-F1B51BAC0F4B}.Release|x64.ActiveCfg = Release|x64
		{20883F4B-FD36-4975-9472-F1B51BAC0F4B}.Release|x64.Build.0 = Release|x64
	EndGlobalSection
	GlobalSection(SolutionProperties) = preSolution
		HideSolutionNode = FALSE
	EndGlobalSection
	GlobalSection(NestedProjects) = preSolution
		{8E7A6179-0B72-4073-8A4C-E8682D481DAE} = {18C3CB5F-1DE6-4CFE-B7F7-ABE824222E1C}
		{DBECB851-5624-4FA8-9A9D-7169D0F12FF1} = {8BD117A0-7FA2-44B0-88A5-29D6C220601E}
		{EC8A030F-08E9-45F6-896B-95BEC9E9FC61} = {18C3CB5F-1DE6-4CFE-B7F7-ABE824222E1C}
		{0029C61B-B63D-4E61-99F2-F4E49AABFC47} = {8BD117A0-7FA2-44B0-88A5-29D6C220601E}
		{BCDE1852-E2C6-4ABB-84FB-5CD431764A9A} = {8BD117A0-7FA2-44B0-88A5-29D6C220601E}
		{32D4CF70-A3D6-4CEA-81D7-64C743980276} = {8BD117A0-7FA2-44B0-88A5-29D6C220601E}
		{6AC1D997-8DAE-4343-8DD8-DA2A1CA63212} = {8BD117A0-7FA2-44B0-88A5-29D6C220601E}
		{598F0D83-2C1B-4F7C-B04D-7FDD471C8C45} = {8BD117A0-7FA2-44B0-88A5-29D6C220601E}
		{ACB5467D-9913-4A23-88C8-56A36DFA2DB4} = {8BD117A0-7FA2-44B0-88A5-29D6C220601E}
		{B50E2B28-C3E0-453F-B652-657E7D957E51} = {18C3CB5F-1DE6-4CFE-B7F7-ABE824222E1C}
		{7FEE789D-693C-4912-B989-A91371FC9C49} = {18C3CB5F-1DE6-4CFE-B7F7-ABE824222E1C}
		{01230AD2-3746-418F-84D8-189E7CBC16C9} = {8BD117A0-7FA2-44B0-88A5-29D6C220601E}
		{1150264B-19C6-4C32-A204-CB79E96D5492} = {8BD117A0-7FA2-44B0-88A5-29D6C220601E}
		{C782E1F1-AACE-4C00-AFAF-3448DAC597C5} = {8BD117A0-7FA2-44B0-88A5-29D6C220601E}
		{5407CB5A-4B15-41FA-B79B-8B386A14D275} = {18C3CB5F-1DE6-4CFE-B7F7-ABE824222E1C}
		{C17093D8-4897-4F86-B688-DA8009EE75D6} = {18C3CB5F-1DE6-4CFE-B7F7-ABE824222E1C}
		{108A8AF0-327A-4565-86A3-D27F7C36D2CA} = {18C3CB5F-1DE6-4CFE-B7F7-ABE824222E1C}
		{7600A41F-AAB8-4D82-BA42-91B511FFB53A} = {18C3CB5F-1DE6-4CFE-B7F7-ABE824222E1C}
		{4DFF3799-5B57-4CE7-B34C-F4FB1DA06844} = {18C3CB5F-1DE6-4CFE-B7F7-ABE824222E1C}
		{20883F4B-FD36-4975-9472-F1B51BAC0F4B} = {18C3CB5F-1DE6-4CFE-B7F7-ABE824222E1C}
	EndGlobalSection
	GlobalSection(ExtensibilityGlobals) = postSolution
		SolutionGuid = {0346D2C0-3EB9-4AFB-973F-2904758D6C02}
	EndGlobalSection
EndGlobal
